
Microsoft Visual Studio Solution File, Format Version 12.00
# Visual Studio Version 17
VisualStudioVersion = 17.2.32526.322
MinimumVisualStudioVersion = 10.0.40219.1
Project("{FAE04EC0-301F-11D3-BF4B-00C04F79EFBC}") = "MvcLunesCubos", "MvcLunesCubos\MvcLunesCubos.csproj", "{7FD787DA-160D-40C7-B8C8-F20078357F8F}"
EndProject
Global
	GlobalSection(SolutionConfigurationPlatforms) = preSolution
		Debug|Any CPU = Debug|Any CPU
		Release|Any CPU = Release|Any CPU
	EndGlobalSection
	GlobalSection(ProjectConfigurationPlatforms) = postSolution
		{7FD787DA-160D-40C7-B8C8-F20078357F8F}.Debug|Any CPU.ActiveCfg = Debug|Any CPU
		{7FD787DA-160D-40C7-B8C8-F20078357F8F}.Debug|Any CPU.Build.0 = Debug|Any CPU
		{7FD787DA-160D-40C7-B8C8-F20078357F8F}.Release|Any CPU.ActiveCfg = Release|Any CPU
		{7FD787DA-160D-40C7-B8C8-F20078357F8F}.Release|Any CPU.Build.0 = Release|Any CPU
	EndGlobalSection
	GlobalSection(SolutionProperties) = preSolution
		HideSolutionNode = FALSE
	EndGlobalSection
	GlobalSection(ExtensibilityGlobals) = postSolution
		SolutionGuid = {105B5411-460E-446C-91E7-B080A8A82624}
	EndGlobalSection
EndGlobal
